
Microsoft Visual Studio Solution File, Format Version 12.00
# Visual Studio Version 17
VisualStudioVersion = 17.6.33717.318
MinimumVisualStudioVersion = 10.0.40219.1
Project("{FAE04EC0-301F-11D3-BF4B-00C04F79EFBC}") = "administradorDeCobros", "administradorDeCobros\administradorDeCobros.csproj", "{C79DB481-9CC1-4CA3-91B9-ED3F833A5518}"
EndProject
Global
	GlobalSection(SolutionConfigurationPlatforms) = preSolution
		Debug|Any CPU = Debug|Any CPU
		Release|Any CPU = Release|Any CPU
	EndGlobalSection
	GlobalSection(ProjectConfigurationPlatforms) = postSolution
		{C79DB481-9CC1-4CA3-91B9-ED3F833A5518}.Debug|Any CPU.ActiveCfg = Debug|Any CPU
		{C79DB481-9CC1-4CA3-91B9-ED3F833A5518}.Debug|Any CPU.Build.0 = Debug|Any CPU
		{C79DB481-9CC1-4CA3-91B9-ED3F833A5518}.Release|Any CPU.ActiveCfg = Release|Any CPU
		{C79DB481-9CC1-4CA3-91B9-ED3F833A5518}.Release|Any CPU.Build.0 = Release|Any CPU
	EndGlobalSection
	GlobalSection(SolutionProperties) = preSolution
		HideSolutionNode = FALSE
	EndGlobalSection
	GlobalSection(ExtensibilityGlobals) = postSolution
		SolutionGuid = {FFBBB4EF-3386-4A0E-8370-0D4225CB0AB1}
	EndGlobalSection
EndGlobal
